# This file is automatically @generated by Cargo.
# It is not intended for manual editing.
version = 3

[[package]]
name = "pmpx-plugin"
version = "0.2.0"
source = "registry+https://github.com/rust-lang/crates.io-index"
checksum = "81a22f5c9c35f284d2e64c9a1d19ebffeeb4f9a9a94e0e5197f853583ca1127b"

[[package]]
name = "pmpx-plugin-yarn"
version = "0.1.1"
dependencies = [
 "pmpx-plugin",
]
