# This file is automatically @generated by Cargo.
# It is not intended for manual editing.
version = 3

[[package]]
name = "pmpx-plugin"
version = "0.1.0"
source = "registry+https://github.com/rust-lang/crates.io-index"
checksum = "2c7088240c627cfda0cc1f446e198e0d8caac19bd43ce04059dcb7c264f9aba9"

[[package]]
name = "pmpx-plugin-yarn"
version = "0.1.0"
dependencies = [
 "pmpx-plugin",
]
