# This file is automatically @generated by Cargo.
# It is not intended for manual editing.
version = 3

[[package]]
name = "pmpx-plugin"
version = "0.3.0"
source = "registry+https://github.com/rust-lang/crates.io-index"
checksum = "b760f97227a974f8f157e47082ff0f35ccd1d9b8cac2a398ea69a6e13f3297c3"
dependencies = [
 "pmpx-plugin-abi",
]

[[package]]
name = "pmpx-plugin-abi"
version = "0.3.0"
source = "registry+https://github.com/rust-lang/crates.io-index"
checksum = "0704ffbc681ec18bfbdcf18ee8f44a5008a1b98a57fac48841ab56dfe63188e2"

[[package]]
name = "pmpx-plugin-yarn"
version = "0.3.0"
dependencies = [
 "pmpx-plugin",
]
